
Microsoft Visual Studio Solution File, Format Version 12.00
# Visual Studio Version 17
VisualStudioVersion = 17.7.34031.279
MinimumVisualStudioVersion = 10.0.40219.1
Project("{F184B08F-C81C-45F6-A57F-5ABD9991F28F}") = "SlidelyAiGoogleFormsTask", "SlidelyAiGoogleFormsTask.vbproj", "{DA093BE1-2788-4F6E-91C3-14223506E1C2}"
EndProject
Global
	GlobalSection(SolutionConfigurationPlatforms) = preSolution
		Debug|Any CPU = Debug|Any CPU
		Release|Any CPU = Release|Any CPU
	EndGlobalSection
	GlobalSection(ProjectConfigurationPlatforms) = postSolution
		{DA093BE1-2788-4F6E-91C3-14223506E1C2}.Debug|Any CPU.ActiveCfg = Debug|Any CPU
		{DA093BE1-2788-4F6E-91C3-14223506E1C2}.Debug|Any CPU.Build.0 = Debug|Any CPU
		{DA093BE1-2788-4F6E-91C3-14223506E1C2}.Release|Any CPU.ActiveCfg = Release|Any CPU
		{DA093BE1-2788-4F6E-91C3-14223506E1C2}.Release|Any CPU.Build.0 = Release|Any CPU
	EndGlobalSection
	GlobalSection(SolutionProperties) = preSolution
		HideSolutionNode = FALSE
	EndGlobalSection
	GlobalSection(ExtensibilityGlobals) = postSolution
		SolutionGuid = {6F2F7A45-DFD1-4D24-A4EA-CE354EDCDE3A}
	EndGlobalSection
EndGlobal
